
Microsoft Visual Studio Solution File, Format Version 12.00
# Visual Studio Version 17
VisualStudioVersion = 17.3.32929.385
MinimumVisualStudioVersion = 10.0.40219.1
Project("{9A19103F-16F7-4668-BE54-9A1E7A4F7556}") = "Model", "Model\Model.csproj", "{8F7C019A-C1EF-4385-BB88-E2654A4B7F57}"
EndProject
Project("{9A19103F-16F7-4668-BE54-9A1E7A4F7556}") = "Zoo", "Zoo\Zoo.csproj", "{54138680-3D87-4CCF-BB91-0C680FC0BB98}"
EndProject
Project("{FAE04EC0-301F-11D3-BF4B-00C04F79EFBC}") = "UnitTesting", "UnitTesting\UnitTesting.csproj", "{A999D248-8A30-4EF9-B424-E4545A5DDD97}"
EndProject
Global
	GlobalSection(SolutionConfigurationPlatforms) = preSolution
		Debug|Any CPU = Debug|Any CPU
		Release|Any CPU = Release|Any CPU
	EndGlobalSection
	GlobalSection(ProjectConfigurationPlatforms) = postSolution
		{8F7C019A-C1EF-4385-BB88-E2654A4B7F57}.Debug|Any CPU.ActiveCfg = Debug|Any CPU
		{8F7C019A-C1EF-4385-BB88-E2654A4B7F57}.Debug|Any CPU.Build.0 = Debug|Any CPU
		{8F7C019A-C1EF-4385-BB88-E2654A4B7F57}.Release|Any CPU.ActiveCfg = Release|Any CPU
		{8F7C019A-C1EF-4385-BB88-E2654A4B7F57}.Release|Any CPU.Build.0 = Release|Any CPU
		{54138680-3D87-4CCF-BB91-0C680FC0BB98}.Debug|Any CPU.ActiveCfg = Debug|Any CPU
		{54138680-3D87-4CCF-BB91-0C680FC0BB98}.Debug|Any CPU.Build.0 = Debug|Any CPU
		{54138680-3D87-4CCF-BB91-0C680FC0BB98}.Release|Any CPU.ActiveCfg = Release|Any CPU
		{54138680-3D87-4CCF-BB91-0C680FC0BB98}.Release|Any CPU.Build.0 = Release|Any CPU
		{A999D248-8A30-4EF9-B424-E4545A5DDD97}.Debug|Any CPU.ActiveCfg = Debug|Any CPU
		{A999D248-8A30-4EF9-B424-E4545A5DDD97}.Debug|Any CPU.Build.0 = Debug|Any CPU
		{A999D248-8A30-4EF9-B424-E4545A5DDD97}.Release|Any CPU.ActiveCfg = Release|Any CPU
		{A999D248-8A30-4EF9-B424-E4545A5DDD97}.Release|Any CPU.Build.0 = Release|Any CPU
	EndGlobalSection
	GlobalSection(SolutionProperties) = preSolution
		HideSolutionNode = FALSE
	EndGlobalSection
	GlobalSection(ExtensibilityGlobals) = postSolution
		SolutionGuid = {465409D7-CE19-4800-8D64-7E2166F82ECD}
	EndGlobalSection
EndGlobal
